
Microsoft Visual Studio Solution File, Format Version 12.00
# Visual Studio Version 17
VisualStudioVersion = 17.9.34701.34
MinimumVisualStudioVersion = 10.0.40219.1
Project("{FAE04EC0-301F-11D3-BF4B-00C04F79EFBC}") = "TalAutomation", "TalAutomation.csproj", "{EEBADF51-20CD-476B-90D9-579EC90B713F}"
EndProject
Global
	GlobalSection(SolutionConfigurationPlatforms) = preSolution
		Debug|Any CPU = Debug|Any CPU
		Release|Any CPU = Release|Any CPU
	EndGlobalSection
	GlobalSection(ProjectConfigurationPlatforms) = postSolution
		{EEBADF51-20CD-476B-90D9-579EC90B713F}.Debug|Any CPU.ActiveCfg = Debug|Any CPU
		{EEBADF51-20CD-476B-90D9-579EC90B713F}.Debug|Any CPU.Build.0 = Debug|Any CPU
		{EEBADF51-20CD-476B-90D9-579EC90B713F}.Release|Any CPU.ActiveCfg = Release|Any CPU
		{EEBADF51-20CD-476B-90D9-579EC90B713F}.Release|Any CPU.Build.0 = Release|Any CPU
	EndGlobalSection
	GlobalSection(SolutionProperties) = preSolution
		HideSolutionNode = FALSE
	EndGlobalSection
	GlobalSection(ExtensibilityGlobals) = postSolution
		SolutionGuid = {2BF647E8-59E5-422A-BAE7-8E69279BFD4E}
	EndGlobalSection
EndGlobal
